Microsoft Visual Studio Solution File, Format Version 11.00
# Visual Studio 2008

Project("{35A2F3EE-1F83-9235-DDA4-595E361B1F16}") = "Fire in the Sky", "Assembly-CSharp-firstpass.csproj", "{DB9F82BC-40F4-2D11-A8E0-D36409C72359}"
EndProject
Project("{35A2F3EE-1F83-9235-DDA4-595E361B1F16}") = "Fire in the Sky", "Assembly-UnityScript-firstpass.unityproj", "{8AB20D07-C19C-4562-AA53-5898B51EE2D9}"
EndProject
Project("{35A2F3EE-1F83-9235-DDA4-595E361B1F16}") = "Fire in the Sky", "Assembly-UnityScript.unityproj", "{DBD248FE-DCEC-8057-61BB-3D27272D417D}"
EndProject
Global
	GlobalSection(SolutionConfigurationPlatforms) = preSolution
		Debug|Any CPU = Debug|Any CPU
		Release|Any CPU = Release|Any CPU
	EndGlobalSection
	GlobalSection(ProjectConfigurationPlatforms) = postSolution
		{DB9F82BC-40F4-2D11-A8E0-D36409C72359}.Debug|Any CPU.ActiveCfg = Debug|Any CPU
		{DB9F82BC-40F4-2D11-A8E0-D36409C72359}.Debug|Any CPU.Build.0 = Debug|Any CPU
		{DB9F82BC-40F4-2D11-A8E0-D36409C72359}.Release|Any CPU.ActiveCfg = Release|Any CPU
		{DB9F82BC-40F4-2D11-A8E0-D36409C72359}.Release|Any CPU.Build.0 = Release|Any CPU
		{8AB20D07-C19C-4562-AA53-5898B51EE2D9}.Debug|Any CPU.ActiveCfg = Debug|Any CPU
		{8AB20D07-C19C-4562-AA53-5898B51EE2D9}.Debug|Any CPU.Build.0 = Debug|Any CPU
		{8AB20D07-C19C-4562-AA53-5898B51EE2D9}.Release|Any CPU.ActiveCfg = Release|Any CPU
		{8AB20D07-C19C-4562-AA53-5898B51EE2D9}.Release|Any CPU.Build.0 = Release|Any CPU
		{DBD248FE-DCEC-8057-61BB-3D27272D417D}.Debug|Any CPU.ActiveCfg = Debug|Any CPU
		{DBD248FE-DCEC-8057-61BB-3D27272D417D}.Debug|Any CPU.Build.0 = Debug|Any CPU
		{DBD248FE-DCEC-8057-61BB-3D27272D417D}.Release|Any CPU.ActiveCfg = Release|Any CPU
		{DBD248FE-DCEC-8057-61BB-3D27272D417D}.Release|Any CPU.Build.0 = Release|Any CPU
	EndGlobalSection
	GlobalSection(SolutionProperties) = preSolution
		HideSolutionNode = FALSE
	EndGlobalSection
	GlobalSection(MonoDevelopProperties) = preSolution
		StartupItem = Assembly-CSharp.csproj
		Policies = $0
		$0.TextStylePolicy = $1
		$1.inheritsSet = null
		$1.scope = text/x-csharp
		$0.CSharpFormattingPolicy = $2
		$2.inheritsSet = Mono
		$2.inheritsScope = text/x-csharp
		$2.scope = text/x-csharp
		$0.TextStylePolicy = $3
		$3.FileWidth = 120
		$3.TabWidth = 4
		$3.EolMarker = Unix
		$3.inheritsSet = Mono
		$3.inheritsScope = text/plain
		$3.scope = text/plain
	EndGlobalSection
EndGlobal
